// !$*UTF8*$!
{
	archiveVersion = 1;
	classes = {
	};
	objectVersion = 51;
	objects = {

/* Begin PBXBuildFile section */
		899B25CC6D328688ACBBDCC9 /* Pods_Instagram.framework in Frameworks */ = {isa = PBXBuildFile; fileRef = B57D9B269A3BFE6E249F72CA /* Pods_Instagram.framework */; };
		C706718826B42BEF00AA6A2D /* GoogleService-Info.plist in Resources */ = {isa = PBXBuildFile; fileRef = C706718726B42BEF00AA6A2D /* GoogleService-Info.plist */; };
		C706718A26B42C8000AA6A2D /* DatabaseManager.swift in Sources */ = {isa = PBXBuildFile; fileRef = C706718926B42C8000AA6A2D /* DatabaseManager.swift */; };
		C706718C26B42D2400AA6A2D /* AuthManager.swift in Sources */ = {isa = PBXBuildFile; fileRef = C706718B26B42D2400AA6A2D /* AuthManager.swift */; };
		C706718E26B42D5400AA6A2D /* StorageManager.swift in Sources */ = {isa = PBXBuildFile; fileRef = C706718D26B42D5400AA6A2D /* StorageManager.swift */; };
		C72AEBB126B6DAC2003D9278 /* Extensions.swift in Sources */ = {isa = PBXBuildFile; fileRef = C72AEBB026B6DAC2003D9278 /* Extensions.swift */; };
		C7AE3E8426B413C7009CE95E /* AppDelegate.swift in Sources */ = {isa = PBXBuildFile; fileRef = C7AE3E8326B413C7009CE95E /* AppDelegate.swift */; };
		C7AE3E8626B413C7009CE95E /* SceneDelegate.swift in Sources */ = {isa = PBXBuildFile; fileRef = C7AE3E8526B413C7009CE95E /* SceneDelegate.swift */; };
		C7AE3E8826B413C7009CE95E /* HomeViewController.swift in Sources */ = {isa = PBXBuildFile; fileRef = C7AE3E8726B413C7009CE95E /* HomeViewController.swift */; };
		C7AE3E8B26B413C7009CE95E /* Main.storyboard in Resources */ = {isa = PBXBuildFile; fileRef = C7AE3E8926B413C7009CE95E /* Main.storyboard */; };
		C7AE3E8D26B413C8009CE95E /* Assets.xcassets in Resources */ = {isa = PBXBuildFile; fileRef = C7AE3E8C26B413C8009CE95E /* Assets.xcassets */; };
		C7AE3E9026B413C8009CE95E /* LaunchScreen.storyboard in Resources */ = {isa = PBXBuildFile; fileRef = C7AE3E8E26B413C8009CE95E /* LaunchScreen.storyboard */; };
		C7AE3E9D26B414BB009CE95E /* ExploreViewController.swift in Sources */ = {isa = PBXBuildFile; fileRef = C7AE3E9C26B414BB009CE95E /* ExploreViewController.swift */; };
		C7AE3E9F26B414D2009CE95E /* CameraViewController.swift in Sources */ = {isa = PBXBuildFile; fileRef = C7AE3E9E26B414D2009CE95E /* CameraViewController.swift */; };
		C7AE3EA126B414E6009CE95E /* NotificationsViewController.swift in Sources */ = {isa = PBXBuildFile; fileRef = C7AE3EA026B414E6009CE95E /* NotificationsViewController.swift */; };
		C7AE3EA326B414F0009CE95E /* ProfileViewController.swift in Sources */ = {isa = PBXBuildFile; fileRef = C7AE3EA226B414F0009CE95E /* ProfileViewController.swift */; };
		C7AE3EA826B41542009CE95E /* LoginViewController.swift in Sources */ = {isa = PBXBuildFile; fileRef = C7AE3EA726B41542009CE95E /* LoginViewController.swift */; };
		C7AE3EAA26B4154D009CE95E /* RegistrationViewController.swift in Sources */ = {isa = PBXBuildFile; fileRef = C7AE3EA926B4154D009CE95E /* RegistrationViewController.swift */; };
		C7AE3EAC26B4156C009CE95E /* PostViewController.swift in Sources */ = {isa = PBXBuildFile; fileRef = C7AE3EAB26B4156C009CE95E /* PostViewController.swift */; };
		C7AE3EAE26B4158D009CE95E /* EditProfileViewController.swift in Sources */ = {isa = PBXBuildFile; fileRef = C7AE3EAD26B4158D009CE95E /* EditProfileViewController.swift */; };
		C7AE3EB026B4159C009CE95E /* SettingsViewController.swift in Sources */ = {isa = PBXBuildFile; fileRef = C7AE3EAF26B4159C009CE95E /* SettingsViewController.swift */; };
		C7AE3EB226B415AC009CE95E /* ListViewController.swift in Sources */ = {isa = PBXBuildFile; fileRef = C7AE3EB126B415AC009CE95E /* ListViewController.swift */; };
		C7AE3EB426B415C1009CE95E /* SearchViewController.swift in Sources */ = {isa = PBXBuildFile; fileRef = C7AE3EB326B415C1009CE95E /* SearchViewController.swift */; };
		C7AE3EB626B415DB009CE95E /* SearchResultsViewController.swift in Sources */ = {isa = PBXBuildFile; fileRef = C7AE3EB526B415DB009CE95E /* SearchResultsViewController.swift */; };
		C7AE3EB826B415FC009CE95E /* PostEditorViewController.swift in Sources */ = {isa = PBXBuildFile; fileRef = C7AE3EB726B415FC009CE95E /* PostEditorViewController.swift */; };
		C7AE3EBA26B4160A009CE95E /* PublishPostViewController.swift in Sources */ = {isa = PBXBuildFile; fileRef = C7AE3EB926B4160A009CE95E /* PublishPostViewController.swift */; };
/* End PBXBuildFile section */

/* Begin PBXFileReference section */
		07B79E6535500772001FF7DD /* Pods-Instagram.release.xcconfig */ = {isa = PBXFileReference; includeInIndex = 1; lastKnownFileType = text.xcconfig; name = "Pods-Instagram.release.xcconfig"; path = "Target Support Files/Pods-Instagram/Pods-Instagram.release.xcconfig"; sourceTree = "<group>"; };
		7D77694A3D2840670ABB5908 /* Pods-Instagram.debug.xcconfig */ = {isa = PBXFileReference; includeInIndex = 1; lastKnownFileType = text.xcconfig; name = "Pods-Instagram.debug.xcconfig"; path = "Target Support Files/Pods-Instagram/Pods-Instagram.debug.xcconfig"; sourceTree = "<group>"; };
		B57D9B269A3BFE6E249F72CA /* Pods_Instagram.framework */ = {isa = PBXFileReference; explicitFileType = wrapper.framework; includeInIndex = 0; path = Pods_Instagram.framework; sourceTree = BUILT_PRODUCTS_DIR; };
		C706718726B42BEF00AA6A2D /* GoogleService-Info.plist */ = {isa = PBXFileReference; fileEncoding = 4; lastKnownFileType = text.plist.xml; path = "GoogleService-Info.plist"; sourceTree = "<group>"; };
		C706718926B42C8000AA6A2D /* DatabaseManager.swift */ = {isa = PBXFileReference; lastKnownFileType = sourcecode.swift; path = DatabaseManager.swift; sourceTree = "<group>"; };
		C706718B26B42D2400AA6A2D /* AuthManager.swift */ = {isa = PBXFileReference; lastKnownFileType = sourcecode.swift; path = AuthManager.swift; sourceTree = "<group>"; };
		C706718D26B42D5400AA6A2D /* StorageManager.swift */ = {isa = PBXFileReference; lastKnownFileType = sourcecode.swift; path = StorageManager.swift; sourceTree = "<group>"; };
		C72AEBB026B6DAC2003D9278 /* Extensions.swift */ = {isa = PBXFileReference; lastKnownFileType = sourcecode.swift; path = Extensions.swift; sourceTree = "<group>"; };
		C7AE3E8026B413C7009CE95E /* Instagram.app */ = {isa = PBXFileReference; explicitFileType = wrapper.application; includeInIndex = 0; path = Instagram.app; sourceTree = BUILT_PRODUCTS_DIR; };
		C7AE3E8326B413C7009CE95E /* AppDelegate.swift */ = {isa = PBXFileReference; lastKnownFileType = sourcecode.swift; path = AppDelegate.swift; sourceTree = "<group>"; };
		C7AE3E8526B413C7009CE95E /* SceneDelegate.swift */ = {isa = PBXFileReference; lastKnownFileType = sourcecode.swift; path = SceneDelegate.swift; sourceTree = "<group>"; };
		C7AE3E8726B413C7009CE95E /* HomeViewController.swift */ = {isa = PBXFileReference; lastKnownFileType = sourcecode.swift; path = HomeViewController.swift; sourceTree = "<group>"; };
		C7AE3E8A26B413C7009CE95E /* Base */ = {isa = PBXFileReference; lastKnownFileType = file.storyboard; name = Base; path = Base.lproj/Main.storyboard; sourceTree = "<group>"; };
		C7AE3E8C26B413C8009CE95E /* Assets.xcassets */ = {isa = PBXFileReference; lastKnownFileType = folder.assetcatalog; path = Assets.xcassets; sourceTree = "<group>"; };
		C7AE3E8F26B413C8009CE95E /* Base */ = {isa = PBXFileReference; lastKnownFileType = file.storyboard; name = Base; path = Base.lproj/LaunchScreen.storyboard; sourceTree = "<group>"; };
		C7AE3E9126B413C8009CE95E /* Info.plist */ = {isa = PBXFileReference; lastKnownFileType = text.plist.xml; path = Info.plist; sourceTree = "<group>"; };
		C7AE3E9C26B414BB009CE95E /* ExploreViewController.swift */ = {isa = PBXFileReference; lastKnownFileType = sourcecode.swift; path = ExploreViewController.swift; sourceTree = "<group>"; };
		C7AE3E9E26B414D2009CE95E /* CameraViewController.swift */ = {isa = PBXFileReference; lastKnownFileType = sourcecode.swift; path = CameraViewController.swift; sourceTree = "<group>"; };
		C7AE3EA026B414E6009CE95E /* NotificationsViewController.swift */ = {isa = PBXFileReference; lastKnownFileType = sourcecode.swift; path = NotificationsViewController.swift; sourceTree = "<group>"; };
		C7AE3EA226B414F0009CE95E /* ProfileViewController.swift */ = {isa = PBXFileReference; lastKnownFileType = sourcecode.swift; path = ProfileViewController.swift; sourceTree = "<group>"; };
		C7AE3EA726B41542009CE95E /* LoginViewController.swift */ = {isa = PBXFileReference; lastKnownFileType = sourcecode.swift; path = LoginViewController.swift; sourceTree = "<group>"; };
		C7AE3EA926B4154D009CE95E /* RegistrationViewController.swift */ = {isa = PBXFileReference; lastKnownFileType = sourcecode.swift; path = RegistrationViewController.swift; sourceTree = "<group>"; };
		C7AE3EAB26B4156C009CE95E /* PostViewController.swift */ = {isa = PBXFileReference; lastKnownFileType = sourcecode.swift; path = PostViewController.swift; sourceTree = "<group>"; };
		C7AE3EAD26B4158D009CE95E /* EditProfileViewController.swift */ = {isa = PBXFileReference; lastKnownFileType = sourcecode.swift; path = EditProfileViewController.swift; sourceTree = "<group>"; };
		C7AE3EAF26B4159C009CE95E /* SettingsViewController.swift */ = {isa = PBXFileReference; lastKnownFileType = sourcecode.swift; path = SettingsViewController.swift; sourceTree = "<group>"; };
		C7AE3EB126B415AC009CE95E /* ListViewController.swift */ = {isa = PBXFileReference; lastKnownFileType = sourcecode.swift; path = ListViewController.swift; sourceTree = "<group>"; };
		C7AE3EB326B415C1009CE95E /* SearchViewController.swift */ = {isa = PBXFileReference; lastKnownFileType = sourcecode.swift; path = SearchViewController.swift; sourceTree = "<group>"; };
		C7AE3EB526B415DB009CE95E /* SearchResultsViewController.swift */ = {isa = PBXFileReference; lastKnownFileType = sourcecode.swift; path = SearchResultsViewController.swift; sourceTree = "<group>"; };
		C7AE3EB726B415FC009CE95E /* PostEditorViewController.swift */ = {isa = PBXFileReference; lastKnownFileType = sourcecode.swift; path = PostEditorViewController.swift; sourceTree = "<group>"; };
		C7AE3EB926B4160A009CE95E /* PublishPostViewController.swift */ = {isa = PBXFileReference; lastKnownFileType = sourcecode.swift; path = PublishPostViewController.swift; sourceTree = "<group>"; };
/* End PBXFileReference section */

/* Begin PBXFrameworksBuildPhase section */
		C7AE3E7D26B413C7009CE95E /* Frameworks */ = {
			isa = PBXFrameworksBuildPhase;
			buildActionMask = 2147483647;
			files = (
				899B25CC6D328688ACBBDCC9 /* Pods_Instagram.framework in Frameworks */,
			);
			runOnlyForDeploymentPostprocessing = 0;
		};
/* End PBXFrameworksBuildPhase section */

/* Begin PBXGroup section */
		4BE610AF8C5CB12EC450754E /* Frameworks */ = {
			isa = PBXGroup;
			children = (
				B57D9B269A3BFE6E249F72CA /* Pods_Instagram.framework */,
			);
			name = Frameworks;
			sourceTree = "<group>";
		};
		662DD371B9EFC22FDC866EDD /* Pods */ = {
			isa = PBXGroup;
			children = (
				7D77694A3D2840670ABB5908 /* Pods-Instagram.debug.xcconfig */,
				07B79E6535500772001FF7DD /* Pods-Instagram.release.xcconfig */,
			);
			path = Pods;
			sourceTree = "<group>";
		};
		C706718626B42B9200AA6A2D /* General */ = {
			isa = PBXGroup;
			children = (
				C7AE3EAB26B4156C009CE95E /* PostViewController.swift */,
				C7AE3EAD26B4158D009CE95E /* EditProfileViewController.swift */,
				C7AE3EAF26B4159C009CE95E /* SettingsViewController.swift */,
				C7AE3EB126B415AC009CE95E /* ListViewController.swift */,
				C7AE3EB326B415C1009CE95E /* SearchViewController.swift */,
				C7AE3EB526B415DB009CE95E /* SearchResultsViewController.swift */,
				C7AE3EB726B415FC009CE95E /* PostEditorViewController.swift */,
				C7AE3EB926B4160A009CE95E /* PublishPostViewController.swift */,
			);
			path = General;
			sourceTree = "<group>";
		};
		C7AE3E7726B413C7009CE95E = {
			isa = PBXGroup;
			children = (
				C7AE3E8226B413C7009CE95E /* Instagram */,
				C7AE3E8126B413C7009CE95E /* Products */,
				662DD371B9EFC22FDC866EDD /* Pods */,
				4BE610AF8C5CB12EC450754E /* Frameworks */,
			);
			sourceTree = "<group>";
		};
		C7AE3E8126B413C7009CE95E /* Products */ = {
			isa = PBXGroup;
			children = (
				C7AE3E8026B413C7009CE95E /* Instagram.app */,
			);
			name = Products;
			sourceTree = "<group>";
		};
		C7AE3E8226B413C7009CE95E /* Instagram */ = {
			isa = PBXGroup;
			children = (
				C7AE3E9A26B41425009CE95E /* Resources */,
				C7AE3E9926B4141F009CE95E /* Controllers */,
				C7AE3E9826B4141A009CE95E /* Models */,
				C7AE3E9726B41413009CE95E /* Views */,
				C7AE3E9126B413C8009CE95E /* Info.plist */,
			);
			path = Instagram;
			sourceTree = "<group>";
		};
		C7AE3E9726B41413009CE95E /* Views */ = {
			isa = PBXGroup;
			children = (
				C7AE3E9B26B41453009CE95E /* Storyboards */,
				C7AE3E8C26B413C8009CE95E /* Assets.xcassets */,
			);
			path = Views;
			sourceTree = "<group>";
		};
		C7AE3E9826B4141A009CE95E /* Models */ = {
			isa = PBXGroup;
			children = (
			);
			path = Models;
			sourceTree = "<group>";
		};
		C7AE3E9926B4141F009CE95E /* Controllers */ = {
			isa = PBXGroup;
			children = (
				C7AE3EA526B4152E009CE95E /* Other */,
				C7AE3EA426B41504009CE95E /* CoreTabs */,
			);
			path = Controllers;
			sourceTree = "<group>";
		};
		C7AE3E9A26B41425009CE95E /* Resources */ = {
			isa = PBXGroup;
			children = (
				C7AE3E8326B413C7009CE95E /* AppDelegate.swift */,
				C7AE3E8526B413C7009CE95E /* SceneDelegate.swift */,
				C706718726B42BEF00AA6A2D /* GoogleService-Info.plist */,
				C706718926B42C8000AA6A2D /* DatabaseManager.swift */,
				C706718B26B42D2400AA6A2D /* AuthManager.swift */,
				C706718D26B42D5400AA6A2D /* StorageManager.swift */,
				C72AEBB026B6DAC2003D9278 /* Extensions.swift */,
			);
			path = Resources;
			sourceTree = "<group>";
		};
		C7AE3E9B26B41453009CE95E /* Storyboards */ = {
			isa = PBXGroup;
			children = (
				C7AE3E8926B413C7009CE95E /* Main.storyboard */,
				C7AE3E8E26B413C8009CE95E /* LaunchScreen.storyboard */,
			);
			path = Storyboards;
			sourceTree = "<group>";
		};
		C7AE3EA426B41504009CE95E /* CoreTabs */ = {
			isa = PBXGroup;
			children = (
				C7AE3E8726B413C7009CE95E /* HomeViewController.swift */,
				C7AE3E9C26B414BB009CE95E /* ExploreViewController.swift */,
				C7AE3E9E26B414D2009CE95E /* CameraViewController.swift */,
				C7AE3EA026B414E6009CE95E /* NotificationsViewController.swift */,
				C7AE3EA226B414F0009CE95E /* ProfileViewController.swift */,
			);
			path = CoreTabs;
			sourceTree = "<group>";
		};
		C7AE3EA526B4152E009CE95E /* Other */ = {
			isa = PBXGroup;
			children = (
				C7AE3EA626B41535009CE95E /* OnBoarding */,
				C706718626B42B9200AA6A2D /* General */,
			);
			path = Other;
			sourceTree = "<group>";
		};
		C7AE3EA626B41535009CE95E /* OnBoarding */ = {
			isa = PBXGroup;
			children = (
				C7AE3EA726B41542009CE95E /* LoginViewController.swift */,
				C7AE3EA926B4154D009CE95E /* RegistrationViewController.swift */,
			);
			path = OnBoarding;
			sourceTree = "<group>";
		};
/* End PBXGroup section */

/* Begin PBXNativeTarget section */
		C7AE3E7F26B413C7009CE95E /* Instagram */ = {
			isa = PBXNativeTarget;
			buildConfigurationList = C7AE3E9426B413C8009CE95E /* Build configuration list for PBXNativeTarget "Instagram" */;
			buildPhases = (
				128B18EC10969834BD5C7738 /* [CP] Check Pods Manifest.lock */,
				C7AE3E7C26B413C7009CE95E /* Sources */,
				C7AE3E7D26B413C7009CE95E /* Frameworks */,
				C7AE3E7E26B413C7009CE95E /* Resources */,
				53A4677ECCB81F9394BF1A05 /* [CP] Embed Pods Frameworks */,
			);
			buildRules = (
			);
			dependencies = (
			);
			name = Instagram;
			productName = Instagram;
			productReference = C7AE3E8026B413C7009CE95E /* Instagram.app */;
			productType = "com.apple.product-type.application";
		};
/* End PBXNativeTarget section */

/* Begin PBXProject section */
		C7AE3E7826B413C7009CE95E /* Project object */ = {
			isa = PBXProject;
			attributes = {
				LastSwiftUpdateCheck = 1250;
				LastUpgradeCheck = 1250;
				TargetAttributes = {
					C7AE3E7F26B413C7009CE95E = {
						CreatedOnToolsVersion = 12.5.1;
					};
				};
			};
			buildConfigurationList = C7AE3E7B26B413C7009CE95E /* Build configuration list for PBXProject "Instagram" */;
			compatibilityVersion = "Xcode 9.3";
			developmentRegion = en;
			hasScannedForEncodings = 0;
			knownRegions = (
				en,
				Base,
			);
			mainGroup = C7AE3E7726B413C7009CE95E;
			productRefGroup = C7AE3E8126B413C7009CE95E /* Products */;
			projectDirPath = "";
			projectRoot = "";
			targets = (
				C7AE3E7F26B413C7009CE95E /* Instagram */,
			);
		};
/* End PBXProject section */

/* Begin PBXResourcesBuildPhase section */
		C7AE3E7E26B413C7009CE95E /* Resources */ = {
			isa = PBXResourcesBuildPhase;
			buildActionMask = 2147483647;
			files = (
				C7AE3E9026B413C8009CE95E /* LaunchScreen.storyboard in Resources */,
				C7AE3E8D26B413C8009CE95E /* Assets.xcassets in Resources */,
				C7AE3E8B26B413C7009CE95E /* Main.storyboard in Resources */,
				C706718826B42BEF00AA6A2D /* GoogleService-Info.plist in Resources */,
			);
			runOnlyForDeploymentPostprocessing = 0;
		};
/* End PBXResourcesBuildPhase section */

/* Begin PBXShellScriptBuildPhase section */
		128B18EC10969834BD5C7738 /* [CP] Check Pods Manifest.lock */ = {
			isa = PBXShellScriptBuildPhase;
			buildActionMask = 2147483647;
			files = (
			);
			inputFileListPaths = (
			);
			inputPaths = (
				"${PODS_PODFILE_DIR_PATH}/Podfile.lock",
				"${PODS_ROOT}/Manifest.lock",
			);
			name = "[CP] Check Pods Manifest.lock";
			outputFileListPaths = (
			);
			outputPaths = (
				"$(DERIVED_FILE_DIR)/Pods-Instagram-checkManifestLockResult.txt",
			);
			runOnlyForDeploymentPostprocessing = 0;
			shellPath = /bin/sh;
			shellScript = "diff \"${PODS_PODFILE_DIR_PATH}/Podfile.lock\" \"${PODS_ROOT}/Manifest.lock\" > /dev/null\nif [ $? != 0 ] ; then\n    # print error to STDERR\n    echo \"error: The sandbox is not in sync with the Podfile.lock. Run 'pod install' or update your CocoaPods installation.\" >&2\n    exit 1\nfi\n# This output is used by Xcode 'outputs' to avoid re-running this script phase.\necho \"SUCCESS\" > \"${SCRIPT_OUTPUT_FILE_0}\"\n";
			showEnvVarsInLog = 0;
		};
		53A4677ECCB81F9394BF1A05 /* [CP] Embed Pods Frameworks */ = {
			isa = PBXShellScriptBuildPhase;
			buildActionMask = 2147483647;
			files = (
			);
			inputFileListPaths = (
				"${PODS_ROOT}/Target Support Files/Pods-Instagram/Pods-Instagram-frameworks-${CONFIGURATION}-input-files.xcfilelist",
			);
			name = "[CP] Embed Pods Frameworks";
			outputFileListPaths = (
				"${PODS_ROOT}/Target Support Files/Pods-Instagram/Pods-Instagram-frameworks-${CONFIGURATION}-output-files.xcfilelist",
			);
			runOnlyForDeploymentPostprocessing = 0;
			shellPath = /bin/sh;
			shellScript = "\"${PODS_ROOT}/Target Support Files/Pods-Instagram/Pods-Instagram-frameworks.sh\"\n";
		};
/* End PBXShellScriptBuildPhase section */

/* Begin PBXSourcesBuildPhase section */
		C7AE3E7C26B413C7009CE95E /* Sources */ = {
			isa = PBXSourcesBuildPhase;
			buildActionMask = 2147483647;
			files = (
				C7AE3EAE26B4158D009CE95E /* EditProfileViewController.swift in Sources */,
				C7AE3E9D26B414BB009CE95E /* ExploreViewController.swift in Sources */,
				C7AE3EBA26B4160A009CE95E /* PublishPostViewController.swift in Sources */,
				C7AE3E9F26B414D2009CE95E /* CameraViewController.swift in Sources */,
				C7AE3E8826B413C7009CE95E /* HomeViewController.swift in Sources */,
				C7AE3EB626B415DB009CE95E /* SearchResultsViewController.swift in Sources */,
				C7AE3EB826B415FC009CE95E /* PostEditorViewController.swift in Sources */,
				C706718E26B42D5400AA6A2D /* StorageManager.swift in Sources */,
				C7AE3EAA26B4154D009CE95E /* RegistrationViewController.swift in Sources */,
				C706718A26B42C8000AA6A2D /* DatabaseManager.swift in Sources */,
				C7AE3EAC26B4156C009CE95E /* PostViewController.swift in Sources */,
				C7AE3EA126B414E6009CE95E /* NotificationsViewController.swift in Sources */,
				C7AE3EA826B41542009CE95E /* LoginViewController.swift in Sources */,
				C72AEBB126B6DAC2003D9278 /* Extensions.swift in Sources */,
				C7AE3EB426B415C1009CE95E /* SearchViewController.swift in Sources */,
				C7AE3EA326B414F0009CE95E /* ProfileViewController.swift in Sources */,
				C706718C26B42D2400AA6A2D /* AuthManager.swift in Sources */,
				C7AE3E8426B413C7009CE95E /* AppDelegate.swift in Sources */,
				C7AE3E8626B413C7009CE95E /* SceneDelegate.swift in Sources */,
				C7AE3EB226B415AC009CE95E /* ListViewController.swift in Sources */,
				C7AE3EB026B4159C009CE95E /* SettingsViewController.swift in Sources */,
			);
			runOnlyForDeploymentPostprocessing = 0;
		};
/* End PBXSourcesBuildPhase section */

/* Begin PBXVariantGroup section */
		C7AE3E8926B413C7009CE95E /* Main.storyboard */ = {
			isa = PBXVariantGroup;
			children = (
				C7AE3E8A26B413C7009CE95E /* Base */,
			);
			name = Main.storyboard;
			sourceTree = "<group>";
		};
		C7AE3E8E26B413C8009CE95E /* LaunchScreen.storyboard */ = {
			isa = PBXVariantGroup;
			children = (
				C7AE3E8F26B413C8009CE95E /* Base */,
			);
			name = LaunchScreen.storyboard;
			sourceTree = "<group>";
		};
/* End PBXVariantGroup section */

/* Begin XCBuildConfiguration section */
		C7AE3E9226B413C8009CE95E /* Debug */ = {
			isa = XCBuildConfiguration;
			buildSettings = {
				ALWAYS_SEARCH_USER_PATHS = NO;
				CLANG_ANALYZER_NONNULL = YES;
				CLANG_ANALYZER_NUMBER_OBJECT_CONVERSION = YES_AGGRESSIVE;
				CLANG_CXX_LANGUAGE_STANDARD = "gnu++14";
				CLANG_CXX_LIBRARY = "libc++";
				CLANG_ENABLE_MODULES = YES;
				CLANG_ENABLE_OBJC_ARC = YES;
				CLANG_ENABLE_OBJC_WEAK = YES;
				CLANG_WARN_BLOCK_CAPTURE_AUTORELEASING = YES;
				CLANG_WARN_BOOL_CONVERSION = YES;
				CLANG_WARN_COMMA = YES;
				CLANG_WARN_CONSTANT_CONVERSION = YES;
				CLANG_WARN_DEPRECATED_OBJC_IMPLEMENTATIONS = YES;
				CLANG_WARN_DIRECT_OBJC_ISA_USAGE = YES_ERROR;
				CLANG_WARN_DOCUMENTATION_COMMENTS = YES;
				CLANG_WARN_EMPTY_BODY = YES;
				CLANG_WARN_ENUM_CONVERSION = YES;
				CLANG_WARN_INFINITE_RECURSION = YES;
				CLANG_WARN_INT_CONVERSION = YES;
				CLANG_WARN_NON_LITERAL_NULL_CONVERSION = YES;
				CLANG_WARN_OBJC_IMPLICIT_RETAIN_SELF = YES;
				CLANG_WARN_OBJC_LITERAL_CONVERSION = YES;
				CLANG_WARN_OBJC_ROOT_CLASS = YES_ERROR;
				CLANG_WARN_QUOTED_INCLUDE_IN_FRAMEWORK_HEADER = YES;
				CLANG_WARN_RANGE_LOOP_ANALYSIS = YES;
				CLANG_WARN_STRICT_PROTOTYPES = YES;
				CLANG_WARN_SUSPICIOUS_MOVE = YES;
				CLANG_WARN_UNGUARDED_AVAILABILITY = YES_AGGRESSIVE;
				CLANG_WARN_UNREACHABLE_CODE = YES;
				CLANG_WARN__DUPLICATE_METHOD_MATCH = YES;
				COPY_PHASE_STRIP = NO;
				DEBUG_INFORMATION_FORMAT = dwarf;
				ENABLE_STRICT_OBJC_MSGSEND = YES;
				ENABLE_TESTABILITY = YES;
				GCC_C_LANGUAGE_STANDARD = gnu11;
				GCC_DYNAMIC_NO_PIC = NO;
				GCC_NO_COMMON_BLOCKS = YES;
				GCC_OPTIMIZATION_LEVEL = 0;
				GCC_PREPROCESSOR_DEFINITIONS = (
					"DEBUG=1",
					"$(inherited)",
				);
				GCC_WARN_64_TO_32_BIT_CONVERSION = YES;
				GCC_WARN_ABOUT_RETURN_TYPE = YES_ERROR;
				GCC_WARN_UNDECLARED_SELECTOR = YES;
				GCC_WARN_UNINITIALIZED_AUTOS = YES_AGGRESSIVE;
				GCC_WARN_UNUSED_FUNCTION = YES;
				GCC_WARN_UNUSED_VARIABLE = YES;
				IPHONEOS_DEPLOYMENT_TARGET = 13.0;
				MTL_ENABLE_DEBUG_INFO = INCLUDE_SOURCE;
				MTL_FAST_MATH = YES;
				ONLY_ACTIVE_ARCH = YES;
				SDKROOT = iphoneos;
				SWIFT_ACTIVE_COMPILATION_CONDITIONS = DEBUG;
				SWIFT_OPTIMIZATION_LEVEL = "-Onone";
			};
			name = Debug;
		};
		C7AE3E9326B413C8009CE95E /* Release */ = {
			isa = XCBuildConfiguration;
			buildSettings = {
				ALWAYS_SEARCH_USER_PATHS = NO;
				CLANG_ANALYZER_NONNULL = YES;
				CLANG_ANALYZER_NUMBER_OBJECT_CONVERSION = YES_AGGRESSIVE;
				CLANG_CXX_LANGUAGE_STANDARD = "gnu++14";
				CLANG_CXX_LIBRARY = "libc++";
				CLANG_ENABLE_MODULES = YES;
				CLANG_ENABLE_OBJC_ARC = YES;
				CLANG_ENABLE_OBJC_WEAK = YES;
				CLANG_WARN_BLOCK_CAPTURE_AUTORELEASING = YES;
				CLANG_WARN_BOOL_CONVERSION = YES;
				CLANG_WARN_COMMA = YES;
				CLANG_WARN_CONSTANT_CONVERSION = YES;
				CLANG_WARN_DEPRECATED_OBJC_IMPLEMENTATIONS = YES;
				CLANG_WARN_DIRECT_OBJC_ISA_USAGE = YES_ERROR;
				CLANG_WARN_DOCUMENTATION_COMMENTS = YES;
				CLANG_WARN_EMPTY_BODY = YES;
				CLANG_WARN_ENUM_CONVERSION = YES;
				CLANG_WARN_INFINITE_RECURSION = YES;
				CLANG_WARN_INT_CONVERSION = YES;
				CLANG_WARN_NON_LITERAL_NULL_CONVERSION = YES;
				CLANG_WARN_OBJC_IMPLICIT_RETAIN_SELF = YES;
				CLANG_WARN_OBJC_LITERAL_CONVERSION = YES;
				CLANG_WARN_OBJC_ROOT_CLASS = YES_ERROR;
				CLANG_WARN_QUOTED_INCLUDE_IN_FRAMEWORK_HEADER = YES;
				CLANG_WARN_RANGE_LOOP_ANALYSIS = YES;
				CLANG_WARN_STRICT_PROTOTYPES = YES;
				CLANG_WARN_SUSPICIOUS_MOVE = YES;
				CLANG_WARN_UNGUARDED_AVAILABILITY = YES_AGGRESSIVE;
				CLANG_WARN_UNREACHABLE_CODE = YES;
				CLANG_WARN__DUPLICATE_METHOD_MATCH = YES;
				COPY_PHASE_STRIP = NO;
				DEBUG_INFORMATION_FORMAT = "dwarf-with-dsym";
				ENABLE_NS_ASSERTIONS = NO;
				ENABLE_STRICT_OBJC_MSGSEND = YES;
				GCC_C_LANGUAGE_STANDARD = gnu11;
				GCC_NO_COMMON_BLOCKS = YES;
				GCC_WARN_64_TO_32_BIT_CONVERSION = YES;
				GCC_WARN_ABOUT_RETURN_TYPE = YES_ERROR;
				GCC_WARN_UNDECLARED_SELECTOR = YES;
				GCC_WARN_UNINITIALIZED_AUTOS = YES_AGGRESSIVE;
				GCC_WARN_UNUSED_FUNCTION = YES;
				GCC_WARN_UNUSED_VARIABLE = YES;
				IPHONEOS_DEPLOYMENT_TARGET = 13.0;
				MTL_ENABLE_DEBUG_INFO = NO;
				MTL_FAST_MATH = YES;
				SDKROOT = iphoneos;
				SWIFT_COMPILATION_MODE = wholemodule;
				SWIFT_OPTIMIZATION_LEVEL = "-O";
				VALIDATE_PRODUCT = YES;
			};
			name = Release;
		};
		C7AE3E9526B413C8009CE95E /* Debug */ = {
			isa = XCBuildConfiguration;
			baseConfigurationReference = 7D77694A3D2840670ABB5908 /* Pods-Instagram.debug.xcconfig */;
			buildSettings = {
				ASSETCATALOG_COMPILER_APPICON_NAME = AppIcon;
				ASSETCATALOG_COMPILER_GLOBAL_ACCENT_COLOR_NAME = AccentColor;
				CODE_SIGN_STYLE = Automatic;
				DEVELOPMENT_TEAM = 5CT24P97WW;
				INFOPLIST_FILE = Instagram/Info.plist;
				LD_RUNPATH_SEARCH_PATHS = (
					"$(inherited)",
					"@executable_path/Frameworks",
				);
				PRODUCT_BUNDLE_IDENTIFIER = com.anthonyheitzeberg.Instagram;
				PRODUCT_NAME = "$(TARGET_NAME)";
				SWIFT_VERSION = 5.0;
				TARGETED_DEVICE_FAMILY = "1,2";
			};
			name = Debug;
		};
		C7AE3E9626B413C8009CE95E /* Release */ = {
			isa = XCBuildConfiguration;
			baseConfigurationReference = 07B79E6535500772001FF7DD /* Pods-Instagram.release.xcconfig */;
			buildSettings = {
				ASSETCATALOG_COMPILER_APPICON_NAME = AppIcon;
				ASSETCATALOG_COMPILER_GLOBAL_ACCENT_COLOR_NAME = AccentColor;
				CODE_SIGN_STYLE = Automatic;
				DEVELOPMENT_TEAM = 5CT24P97WW;
				INFOPLIST_FILE = Instagram/Info.plist;
				LD_RUNPATH_SEARCH_PATHS = (
					"$(inherited)",
					"@executable_path/Frameworks",
				);
				PRODUCT_BUNDLE_IDENTIFIER = com.anthonyheitzeberg.Instagram;
				PRODUCT_NAME = "$(TARGET_NAME)";
				SWIFT_VERSION = 5.0;
				TARGETED_DEVICE_FAMILY = "1,2";
			};
			name = Release;
		};
/* End XCBuildConfiguration section */

/* Begin XCConfigurationList section */
		C7AE3E7B26B413C7009CE95E /* Build configuration list for PBXProject "Instagram" */ = {
			isa = XCConfigurationList;
			buildConfigurations = (
				C7AE3E9226B413C8009CE95E /* Debug */,
				C7AE3E9326B413C8009CE95E /* Release */,
			);
			defaultConfigurationIsVisible = 0;
			defaultConfigurationName = Release;
		};
		C7AE3E9426B413C8009CE95E /* Build configuration list for PBXNativeTarget "Instagram" */ = {
			isa = XCConfigurationList;
			buildConfigurations = (
				C7AE3E9526B413C8009CE95E /* Debug */,
				C7AE3E9626B413C8009CE95E /* Release */,
			);
			defaultConfigurationIsVisible = 0;
			defaultConfigurationName = Release;
		};
/* End XCConfigurationList section */
	};
	rootObject = C7AE3E7826B413C7009CE95E /* Project object */;
}
